
Microsoft Visual Studio Solution File, Format Version 12.00
# Visual Studio 14
VisualStudioVersion = 14.0.24720.0
MinimumVisualStudioVersion = 10.0.40219.1
Project("{FAE04EC0-301F-11D3-BF4B-00C04F79EFBC}") = "CPU-Scheduler", "CPU-Scheduler\CPU-Scheduler.csproj", "{7583A209-3FE7-4160-857D-C7E546CA04EB}"
EndProject
Global
	GlobalSection(SolutionConfigurationPlatforms) = preSolution
		Debug|Any CPU = Debug|Any CPU
		Release|Any CPU = Release|Any CPU
	EndGlobalSection
	GlobalSection(ProjectConfigurationPlatforms) = postSolution
		{7583A209-3FE7-4160-857D-C7E546CA04EB}.Debug|Any CPU.ActiveCfg = Debug|Any CPU
		{7583A209-3FE7-4160-857D-C7E546CA04EB}.Debug|Any CPU.Build.0 = Debug|Any CPU
		{7583A209-3FE7-4160-857D-C7E546CA04EB}.Release|Any CPU.ActiveCfg = Release|Any CPU
		{7583A209-3FE7-4160-857D-C7E546CA04EB}.Release|Any CPU.Build.0 = Release|Any CPU
	EndGlobalSection
	GlobalSection(SolutionProperties) = preSolution
		HideSolutionNode = FALSE
	EndGlobalSection
EndGlobal
